
Microsoft Visual Studio Solution File, Format Version 12.00
# Visual Studio Version 17
VisualStudioVersion = 17.7.34031.279
MinimumVisualStudioVersion = 10.0.40219.1
Project("{9A19103F-16F7-4668-BE54-9A1E7A4F7556}") = "P5XTranslateDL", "P5XTranslateDL.csproj", "{3C7B3E89-91F8-4C01-A561-EF21ACE76C69}"
EndProject
Global
	GlobalSection(SolutionConfigurationPlatforms) = preSolution
		Debug|Any CPU = Debug|Any CPU
		Release|Any CPU = Release|Any CPU
	EndGlobalSection
	GlobalSection(ProjectConfigurationPlatforms) = postSolution
		{3C7B3E89-91F8-4C01-A561-EF21ACE76C69}.Debug|Any CPU.ActiveCfg = Debug|Any CPU
		{3C7B3E89-91F8-4C01-A561-EF21ACE76C69}.Debug|Any CPU.Build.0 = Debug|Any CPU
		{3C7B3E89-91F8-4C01-A561-EF21ACE76C69}.Release|Any CPU.ActiveCfg = Release|Any CPU
		{3C7B3E89-91F8-4C01-A561-EF21ACE76C69}.Release|Any CPU.Build.0 = Release|Any CPU
	EndGlobalSection
	GlobalSection(SolutionProperties) = preSolution
		HideSolutionNode = FALSE
	EndGlobalSection
	GlobalSection(ExtensibilityGlobals) = postSolution
		SolutionGuid = {E5A8B17B-9F2E-4A7F-AFA3-F5DE4A6D3EED}
	EndGlobalSection
EndGlobal
